{
  "name": "contract",
  "version": "1.0.0",
  "lockfileVersion": 1,
  "requires": true,
  "dependencies": {
    "kovan-validator-set": {
      "version": "git+https://github.com/madwiki/kovan-validator-set.git#eac8b5b448970e6df24fb67c3013443d99fea56b",
      "from": "git+https://github.com/madwiki/kovan-validator-set.git"
    }
  }
}
